
Microsoft Visual Studio Solution File, Format Version 12.00
# Visual Studio Version 17
VisualStudioVersion = 17.0.31903.59
MinimumVisualStudioVersion = 10.0.40219.1
Project("{2150E333-8FDC-42A3-9474-1A3956D46DE8}") = "src", "src", "{68732DB7-9434-4EEA-B054-848E03A0ECCC}"
EndProject
Project("{FAE04EC0-301F-11D3-BF4B-00C04F79EFBC}") = "Emby.AutoCollectionsNG", "src\Emby.AutoCollectionsNG\Emby.AutoCollectionsNG.csproj", "{E02918D8-34D7-4D88-BDE8-36D4E15295A8}"
EndProject
Project("{2150E333-8FDC-42A3-9474-1A3956D46DE8}") = "tests", "tests", "{15B30480-A5E5-4658-B711-D06BD4E434C6}"
EndProject
Project("{FAE04EC0-301F-11D3-BF4B-00C04F79EFBC}") = "Emby.AutoCollectionsNG.Tests", "tests\Emby.AutoCollectionsNG.Tests\Emby.AutoCollectionsNG.Tests.csproj", "{DBE665F7-9413-48D2-B348-2B5DEA4306A1}"
EndProject
Global
	GlobalSection(SolutionConfigurationPlatforms) = preSolution
		Debug|Any CPU = Debug|Any CPU
		Release|Any CPU = Release|Any CPU
	EndGlobalSection
	GlobalSection(SolutionProperties) = preSolution
		HideSolutionNode = FALSE
	EndGlobalSection
	GlobalSection(ProjectConfigurationPlatforms) = postSolution
		{E02918D8-34D7-4D88-BDE8-36D4E15295A8}.Debug|Any CPU.ActiveCfg = Debug|Any CPU
		{E02918D8-34D7-4D88-BDE8-36D4E15295A8}.Debug|Any CPU.Build.0 = Debug|Any CPU
		{E02918D8-34D7-4D88-BDE8-36D4E15295A8}.Release|Any CPU.ActiveCfg = Release|Any CPU
		{E02918D8-34D7-4D88-BDE8-36D4E15295A8}.Release|Any CPU.Build.0 = Release|Any CPU
		{DBE665F7-9413-48D2-B348-2B5DEA4306A1}.Debug|Any CPU.ActiveCfg = Debug|Any CPU
		{DBE665F7-9413-48D2-B348-2B5DEA4306A1}.Debug|Any CPU.Build.0 = Debug|Any CPU
		{DBE665F7-9413-48D2-B348-2B5DEA4306A1}.Release|Any CPU.ActiveCfg = Release|Any CPU
		{DBE665F7-9413-48D2-B348-2B5DEA4306A1}.Release|Any CPU.Build.0 = Release|Any CPU
	EndGlobalSection
	GlobalSection(NestedProjects) = preSolution
		{E02918D8-34D7-4D88-BDE8-36D4E15295A8} = {68732DB7-9434-4EEA-B054-848E03A0ECCC}
		{DBE665F7-9413-48D2-B348-2B5DEA4306A1} = {15B30480-A5E5-4658-B711-D06BD4E434C6}
	EndGlobalSection
EndGlobal
